
Microsoft Visual Studio Solution File, Format Version 12.00
# Visual Studio 2012
Project("{FAE04EC0-301F-11D3-BF4B-00C04F79EFBC}") = "AutoProxyDemo", "AutoProxyDemo\AutoProxyDemo.csproj", "{64E58F46-9D0D-45BC-A0D7-34482388AF94}"
EndProject
Global
	GlobalSection(SolutionConfigurationPlatforms) = preSolution
		Debug|Any CPU = Debug|Any CPU
		Release|Any CPU = Release|Any CPU
	EndGlobalSection
	GlobalSection(ProjectConfigurationPlatforms) = postSolution
		{64E58F46-9D0D-45BC-A0D7-34482388AF94}.Debug|Any CPU.ActiveCfg = Debug|Any CPU
		{64E58F46-9D0D-45BC-A0D7-34482388AF94}.Debug|Any CPU.Build.0 = Debug|Any CPU
		{64E58F46-9D0D-45BC-A0D7-34482388AF94}.Release|Any CPU.ActiveCfg = Release|Any CPU
		{64E58F46-9D0D-45BC-A0D7-34482388AF94}.Release|Any CPU.Build.0 = Release|Any CPU
	EndGlobalSection
	GlobalSection(SolutionProperties) = preSolution
		HideSolutionNode = FALSE
	EndGlobalSection
EndGlobal
